
Microsoft Visual Studio Solution File, Format Version 12.00
# Visual Studio Version 16
VisualStudioVersion = 25.0.1700.0
MinimumVisualStudioVersion = 10.0.40219.1
Project("{FAE04EC0-301F-11D3-BF4B-00C04F79EFBC}") = "backend", "backend.csproj", "{9C41720D-9B9D-4AA8-80A2-8073491DB8AE}"
EndProject
Global
	GlobalSection(SolutionConfigurationPlatforms) = preSolution
		Debug|Any CPU = Debug|Any CPU
		Release|Any CPU = Release|Any CPU
	EndGlobalSection
	GlobalSection(ProjectConfigurationPlatforms) = postSolution
		{9C41720D-9B9D-4AA8-80A2-8073491DB8AE}.Debug|Any CPU.ActiveCfg = Debug|Any CPU
		{9C41720D-9B9D-4AA8-80A2-8073491DB8AE}.Debug|Any CPU.Build.0 = Debug|Any CPU
		{9C41720D-9B9D-4AA8-80A2-8073491DB8AE}.Release|Any CPU.ActiveCfg = Release|Any CPU
		{9C41720D-9B9D-4AA8-80A2-8073491DB8AE}.Release|Any CPU.Build.0 = Release|Any CPU
	EndGlobalSection
	GlobalSection(SolutionProperties) = preSolution
		HideSolutionNode = FALSE
	EndGlobalSection
	GlobalSection(ExtensibilityGlobals) = postSolution
		SolutionGuid = {AAC152A5-B7A5-4647-80E9-5B2E8FF6EE48}
	EndGlobalSection
EndGlobal
